// !$*UTF8*$!
{
	archiveVersion = 1;
	classes = {
	};
	objectVersion = 46;
	objects = {

/* Begin PBXAggregateTarget section */
		"SwiftTrueTypeFont::SwiftTrueTypeFontPackageTests::ProductTarget" /* SwiftTrueTypeFontPackageTests */ = {
			isa = PBXAggregateTarget;
			buildConfigurationList = OBJ_41 /* Build configuration list for PBXAggregateTarget "SwiftTrueTypeFontPackageTests" */;
			buildPhases = (
			);
			dependencies = (
				OBJ_44 /* PBXTargetDependency */,
			);
			name = SwiftTrueTypeFontPackageTests;
			productName = SwiftTrueTypeFontPackageTests;
		};
/* End PBXAggregateTarget section */

/* Begin PBXBuildFile section */
		B5D10728245926C500FC9151 /* Tests+sampleFont.swift in Sources */ = {isa = PBXBuildFile; fileRef = B5D10727245926C500FC9151 /* Tests+sampleFont.swift */; };
		B5D1072B24592CE800FC9151 /* HeaderTable.swift in Sources */ = {isa = PBXBuildFile; fileRef = B5D1072924592C8C00FC9151 /* HeaderTable.swift */; };
		B5D1072D2459395600FC9151 /* FixedFloats.swift in Sources */ = {isa = PBXBuildFile; fileRef = B5D1072C2459395600FC9151 /* FixedFloats.swift */; };
		B5D1072F24593D1D00FC9151 /* HorizontalHeaderTable.swift in Sources */ = {isa = PBXBuildFile; fileRef = B5D1072E24593D1D00FC9151 /* HorizontalHeaderTable.swift */; };
		OBJ_28 /* Data+MSB.swift in Sources */ = {isa = PBXBuildFile; fileRef = OBJ_9 /* Data+MSB.swift */; };
		OBJ_29 /* NameTable.swift in Sources */ = {isa = PBXBuildFile; fileRef = OBJ_10 /* NameTable.swift */; };
		OBJ_30 /* OffsetTable.swift in Sources */ = {isa = PBXBuildFile; fileRef = OBJ_11 /* OffsetTable.swift */; };
		OBJ_31 /* TTFFile.swift in Sources */ = {isa = PBXBuildFile; fileRef = OBJ_12 /* TTFFile.swift */; };
		OBJ_32 /* TableRecord.swift in Sources */ = {isa = PBXBuildFile; fileRef = OBJ_13 /* TableRecord.swift */; };
		OBJ_39 /* Package.swift in Sources */ = {isa = PBXBuildFile; fileRef = OBJ_6 /* Package.swift */; };
		OBJ_50 /* NameTableTests.swift in Sources */ = {isa = PBXBuildFile; fileRef = OBJ_16 /* NameTableTests.swift */; };
		OBJ_51 /* XCTestManifests.swift in Sources */ = {isa = PBXBuildFile; fileRef = OBJ_17 /* XCTestManifests.swift */; };
		OBJ_53 /* SwiftTrueTypeFont.framework in Frameworks */ = {isa = PBXBuildFile; fileRef = "SwiftTrueTypeFont::SwiftTrueTypeFont::Product" /* SwiftTrueTypeFont.framework */; };
/* End PBXBuildFile section */

/* Begin PBXContainerItemProxy section */
		B5D107232458F70100FC9151 /* PBXContainerItemProxy */ = {
			isa = PBXContainerItemProxy;
			containerPortal = OBJ_1 /* Project object */;
			proxyType = 1;
			remoteGlobalIDString = "SwiftTrueTypeFont::SwiftTrueTypeFont";
			remoteInfo = SwiftTrueTypeFont;
		};
		B5D107242458F70200FC9151 /* PBXContainerItemProxy */ = {
			isa = PBXContainerItemProxy;
			containerPortal = OBJ_1 /* Project object */;
			proxyType = 1;
			remoteGlobalIDString = "SwiftTrueTypeFont::SwiftTrueTypeFontTests";
			remoteInfo = SwiftTrueTypeFontTests;
		};
/* End PBXContainerItemProxy section */

/* Begin PBXFileReference section */
		B5D107262459261A00FC9151 /* OpenSans-Regular.ttf */ = {isa = PBXFileReference; lastKnownFileType = file; path = "OpenSans-Regular.ttf"; sourceTree = "<group>"; };
		B5D10727245926C500FC9151 /* Tests+sampleFont.swift */ = {isa = PBXFileReference; lastKnownFileType = sourcecode.swift; path = "Tests+sampleFont.swift"; sourceTree = "<group>"; };
		B5D1072924592C8C00FC9151 /* HeaderTable.swift */ = {isa = PBXFileReference; lastKnownFileType = sourcecode.swift; path = HeaderTable.swift; sourceTree = "<group>"; };
		B5D1072C2459395600FC9151 /* FixedFloats.swift */ = {isa = PBXFileReference; lastKnownFileType = sourcecode.swift; path = FixedFloats.swift; sourceTree = "<group>"; };
		B5D1072E24593D1D00FC9151 /* HorizontalHeaderTable.swift */ = {isa = PBXFileReference; lastKnownFileType = sourcecode.swift; path = HorizontalHeaderTable.swift; sourceTree = "<group>"; };
		OBJ_10 /* NameTable.swift */ = {isa = PBXFileReference; lastKnownFileType = sourcecode.swift; path = NameTable.swift; sourceTree = "<group>"; };
		OBJ_11 /* OffsetTable.swift */ = {isa = PBXFileReference; lastKnownFileType = sourcecode.swift; path = OffsetTable.swift; sourceTree = "<group>"; };
		OBJ_12 /* TTFFile.swift */ = {isa = PBXFileReference; lastKnownFileType = sourcecode.swift; path = TTFFile.swift; sourceTree = "<group>"; };
		OBJ_13 /* TableRecord.swift */ = {isa = PBXFileReference; lastKnownFileType = sourcecode.swift; path = TableRecord.swift; sourceTree = "<group>"; };
		OBJ_16 /* NameTableTests.swift */ = {isa = PBXFileReference; lastKnownFileType = sourcecode.swift; path = NameTableTests.swift; sourceTree = "<group>"; };
		OBJ_17 /* XCTestManifests.swift */ = {isa = PBXFileReference; lastKnownFileType = sourcecode.swift; path = XCTestManifests.swift; sourceTree = "<group>"; };
		OBJ_21 /* DerivedData */ = {isa = PBXFileReference; lastKnownFileType = folder; path = DerivedData; sourceTree = SOURCE_ROOT; };
		OBJ_22 /* README.md */ = {isa = PBXFileReference; lastKnownFileType = net.daringfireball.markdown; path = README.md; sourceTree = "<group>"; };
		OBJ_6 /* Package.swift */ = {isa = PBXFileReference; explicitFileType = sourcecode.swift; path = Package.swift; sourceTree = "<group>"; };
		OBJ_9 /* Data+MSB.swift */ = {isa = PBXFileReference; lastKnownFileType = sourcecode.swift; path = "Data+MSB.swift"; sourceTree = "<group>"; };
		"SwiftTrueTypeFont::SwiftTrueTypeFont::Product" /* SwiftTrueTypeFont.framework */ = {isa = PBXFileReference; lastKnownFileType = wrapper.framework; path = SwiftTrueTypeFont.framework; sourceTree = BUILT_PRODUCTS_DIR; };
		"SwiftTrueTypeFont::SwiftTrueTypeFontTests::Product" /* SwiftTrueTypeFontTests.xctest */ = {isa = PBXFileReference; lastKnownFileType = file; path = SwiftTrueTypeFontTests.xctest; sourceTree = BUILT_PRODUCTS_DIR; };
/* End PBXFileReference section */

/* Begin PBXFrameworksBuildPhase section */
		OBJ_33 /* Frameworks */ = {
			isa = PBXFrameworksBuildPhase;
			buildActionMask = 0;
			files = (
			);
			runOnlyForDeploymentPostprocessing = 0;
		};
		OBJ_52 /* Frameworks */ = {
			isa = PBXFrameworksBuildPhase;
			buildActionMask = 0;
			files = (
				OBJ_53 /* SwiftTrueTypeFont.framework in Frameworks */,
			);
			runOnlyForDeploymentPostprocessing = 0;
		};
/* End PBXFrameworksBuildPhase section */

/* Begin PBXGroup section */
		OBJ_14 /* Tests */ = {
			isa = PBXGroup;
			children = (
				OBJ_15 /* SwiftTrueTypeFontTests */,
			);
			name = Tests;
			sourceTree = SOURCE_ROOT;
		};
		OBJ_15 /* SwiftTrueTypeFontTests */ = {
			isa = PBXGroup;
			children = (
				OBJ_16 /* NameTableTests.swift */,
				B5D10727245926C500FC9151 /* Tests+sampleFont.swift */,
				B5D107262459261A00FC9151 /* OpenSans-Regular.ttf */,
				OBJ_17 /* XCTestManifests.swift */,
			);
			name = SwiftTrueTypeFontTests;
			path = Tests/SwiftTrueTypeFontTests;
			sourceTree = SOURCE_ROOT;
		};
		OBJ_18 /* Products */ = {
			isa = PBXGroup;
			children = (
				"SwiftTrueTypeFont::SwiftTrueTypeFontTests::Product" /* SwiftTrueTypeFontTests.xctest */,
				"SwiftTrueTypeFont::SwiftTrueTypeFont::Product" /* SwiftTrueTypeFont.framework */,
			);
			name = Products;
			sourceTree = BUILT_PRODUCTS_DIR;
		};
		OBJ_5 /*  */ = {
			isa = PBXGroup;
			children = (
				OBJ_6 /* Package.swift */,
				OBJ_7 /* Sources */,
				OBJ_14 /* Tests */,
				OBJ_18 /* Products */,
				OBJ_21 /* DerivedData */,
				OBJ_22 /* README.md */,
			);
			name = "";
			sourceTree = "<group>";
		};
		OBJ_7 /* Sources */ = {
			isa = PBXGroup;
			children = (
				OBJ_8 /* SwiftTrueTypeFont */,
			);
			name = Sources;
			sourceTree = SOURCE_ROOT;
		};
		OBJ_8 /* SwiftTrueTypeFont */ = {
			isa = PBXGroup;
			children = (
				OBJ_12 /* TTFFile.swift */,
				OBJ_9 /* Data+MSB.swift */,
				OBJ_11 /* OffsetTable.swift */,
				OBJ_13 /* TableRecord.swift */,
				OBJ_10 /* NameTable.swift */,
				B5D1072924592C8C00FC9151 /* HeaderTable.swift */,
				B5D1072E24593D1D00FC9151 /* HorizontalHeaderTable.swift */,
				B5D1072C2459395600FC9151 /* FixedFloats.swift */,
			);
			name = SwiftTrueTypeFont;
			path = Sources/SwiftTrueTypeFont;
			sourceTree = SOURCE_ROOT;
		};
/* End PBXGroup section */

/* Begin PBXNativeTarget section */
		"SwiftTrueTypeFont::SwiftPMPackageDescription" /* SwiftTrueTypeFontPackageDescription */ = {
			isa = PBXNativeTarget;
			buildConfigurationList = OBJ_35 /* Build configuration list for PBXNativeTarget "SwiftTrueTypeFontPackageDescription" */;
			buildPhases = (
				OBJ_38 /* Sources */,
			);
			buildRules = (
			);
			dependencies = (
			);
			name = SwiftTrueTypeFontPackageDescription;
			productName = SwiftTrueTypeFontPackageDescription;
			productType = "com.apple.product-type.framework";
		};
		"SwiftTrueTypeFont::SwiftTrueTypeFont" /* SwiftTrueTypeFont */ = {
			isa = PBXNativeTarget;
			buildConfigurationList = OBJ_24 /* Build configuration list for PBXNativeTarget "SwiftTrueTypeFont" */;
			buildPhases = (
				OBJ_27 /* Sources */,
				OBJ_33 /* Frameworks */,
			);
			buildRules = (
			);
			dependencies = (
			);
			name = SwiftTrueTypeFont;
			productName = SwiftTrueTypeFont;
			productReference = "SwiftTrueTypeFont::SwiftTrueTypeFont::Product" /* SwiftTrueTypeFont.framework */;
			productType = "com.apple.product-type.framework";
		};
		"SwiftTrueTypeFont::SwiftTrueTypeFontTests" /* SwiftTrueTypeFontTests */ = {
			isa = PBXNativeTarget;
			buildConfigurationList = OBJ_46 /* Build configuration list for PBXNativeTarget "SwiftTrueTypeFontTests" */;
			buildPhases = (
				OBJ_49 /* Sources */,
				OBJ_52 /* Frameworks */,
			);
			buildRules = (
			);
			dependencies = (
				OBJ_54 /* PBXTargetDependency */,
			);
			name = SwiftTrueTypeFontTests;
			productName = SwiftTrueTypeFontTests;
			productReference = "SwiftTrueTypeFont::SwiftTrueTypeFontTests::Product" /* SwiftTrueTypeFontTests.xctest */;
			productType = "com.apple.product-type.bundle.unit-test";
		};
/* End PBXNativeTarget section */

/* Begin PBXProject section */
		OBJ_1 /* Project object */ = {
			isa = PBXProject;
			attributes = {
				LastSwiftMigration = 9999;
				LastUpgradeCheck = 9999;
			};
			buildConfigurationList = OBJ_2 /* Build configuration list for PBXProject "SwiftTrueTypeFont" */;
			compatibilityVersion = "Xcode 3.2";
			developmentRegion = en;
			hasScannedForEncodings = 0;
			knownRegions = (
				en,
			);
			mainGroup = OBJ_5 /*  */;
			productRefGroup = OBJ_18 /* Products */;
			projectDirPath = "";
			projectRoot = "";
			targets = (
				"SwiftTrueTypeFont::SwiftTrueTypeFont" /* SwiftTrueTypeFont */,
				"SwiftTrueTypeFont::SwiftPMPackageDescription" /* SwiftTrueTypeFontPackageDescription */,
				"SwiftTrueTypeFont::SwiftTrueTypeFontPackageTests::ProductTarget" /* SwiftTrueTypeFontPackageTests */,
				"SwiftTrueTypeFont::SwiftTrueTypeFontTests" /* SwiftTrueTypeFontTests */,
			);
		};
/* End PBXProject section */

/* Begin PBXSourcesBuildPhase section */
		OBJ_27 /* Sources */ = {
			isa = PBXSourcesBuildPhase;
			buildActionMask = 0;
			files = (
				OBJ_28 /* Data+MSB.swift in Sources */,
				OBJ_29 /* NameTable.swift in Sources */,
				B5D1072F24593D1D00FC9151 /* HorizontalHeaderTable.swift in Sources */,
				OBJ_30 /* OffsetTable.swift in Sources */,
				B5D1072B24592CE800FC9151 /* HeaderTable.swift in Sources */,
				OBJ_31 /* TTFFile.swift in Sources */,
				OBJ_32 /* TableRecord.swift in Sources */,
			);
			runOnlyForDeploymentPostprocessing = 0;
		};
		OBJ_38 /* Sources */ = {
			isa = PBXSourcesBuildPhase;
			buildActionMask = 0;
			files = (
				OBJ_39 /* Package.swift in Sources */,
			);
			runOnlyForDeploymentPostprocessing = 0;
		};
		OBJ_49 /* Sources */ = {
			isa = PBXSourcesBuildPhase;
			buildActionMask = 0;
			files = (
				OBJ_50 /* NameTableTests.swift in Sources */,
				B5D1072D2459395600FC9151 /* FixedFloats.swift in Sources */,
				B5D10728245926C500FC9151 /* Tests+sampleFont.swift in Sources */,
				OBJ_51 /* XCTestManifests.swift in Sources */,
			);
			runOnlyForDeploymentPostprocessing = 0;
		};
/* End PBXSourcesBuildPhase section */

/* Begin PBXTargetDependency section */
		OBJ_44 /* PBXTargetDependency */ = {
			isa = PBXTargetDependency;
			target = "SwiftTrueTypeFont::SwiftTrueTypeFontTests" /* SwiftTrueTypeFontTests */;
			targetProxy = B5D107242458F70200FC9151 /* PBXContainerItemProxy */;
		};
		OBJ_54 /* PBXTargetDependency */ = {
			isa = PBXTargetDependency;
			target = "SwiftTrueTypeFont::SwiftTrueTypeFont" /* SwiftTrueTypeFont */;
			targetProxy = B5D107232458F70100FC9151 /* PBXContainerItemProxy */;
		};
/* End PBXTargetDependency section */

/* Begin XCBuildConfiguration section */
		OBJ_25 /* Debug */ = {
			isa = XCBuildConfiguration;
			buildSettings = {
				ENABLE_TESTABILITY = YES;
				FRAMEWORK_SEARCH_PATHS = (
					"$(inherited)",
					"$(PLATFORM_DIR)/Developer/Library/Frameworks",
				);
				HEADER_SEARCH_PATHS = "$(inherited)";
				INFOPLIST_FILE = SwiftTrueTypeFont.xcodeproj/SwiftTrueTypeFont_Info.plist;
				IPHONEOS_DEPLOYMENT_TARGET = 8.0;
				LD_RUNPATH_SEARCH_PATHS = "$(inherited) $(TOOLCHAIN_DIR)/usr/lib/swift/macosx";
				MACOSX_DEPLOYMENT_TARGET = 10.10;
				OTHER_CFLAGS = "$(inherited)";
				OTHER_LDFLAGS = "$(inherited)";
				OTHER_SWIFT_FLAGS = "$(inherited)";
				PRODUCT_BUNDLE_IDENTIFIER = SwiftTrueTypeFont;
				PRODUCT_MODULE_NAME = "$(TARGET_NAME:c99extidentifier)";
				PRODUCT_NAME = "$(TARGET_NAME:c99extidentifier)";
				SKIP_INSTALL = YES;
				SWIFT_ACTIVE_COMPILATION_CONDITIONS = "$(inherited)";
				SWIFT_VERSION = 5.0;
				TARGET_NAME = SwiftTrueTypeFont;
				TVOS_DEPLOYMENT_TARGET = 9.0;
				WATCHOS_DEPLOYMENT_TARGET = 2.0;
			};
			name = Debug;
		};
		OBJ_26 /* Release */ = {
			isa = XCBuildConfiguration;
			buildSettings = {
				ENABLE_TESTABILITY = YES;
				FRAMEWORK_SEARCH_PATHS = (
					"$(inherited)",
					"$(PLATFORM_DIR)/Developer/Library/Frameworks",
				);
				HEADER_SEARCH_PATHS = "$(inherited)";
				INFOPLIST_FILE = SwiftTrueTypeFont.xcodeproj/SwiftTrueTypeFont_Info.plist;
				IPHONEOS_DEPLOYMENT_TARGET = 8.0;
				LD_RUNPATH_SEARCH_PATHS = "$(inherited) $(TOOLCHAIN_DIR)/usr/lib/swift/macosx";
				MACOSX_DEPLOYMENT_TARGET = 10.10;
				OTHER_CFLAGS = "$(inherited)";
				OTHER_LDFLAGS = "$(inherited)";
				OTHER_SWIFT_FLAGS = "$(inherited)";
				PRODUCT_BUNDLE_IDENTIFIER = SwiftTrueTypeFont;
				PRODUCT_MODULE_NAME = "$(TARGET_NAME:c99extidentifier)";
				PRODUCT_NAME = "$(TARGET_NAME:c99extidentifier)";
				SKIP_INSTALL = YES;
				SWIFT_ACTIVE_COMPILATION_CONDITIONS = "$(inherited)";
				SWIFT_VERSION = 5.0;
				TARGET_NAME = SwiftTrueTypeFont;
				TVOS_DEPLOYMENT_TARGET = 9.0;
				WATCHOS_DEPLOYMENT_TARGET = 2.0;
			};
			name = Release;
		};
		OBJ_3 /* Debug */ = {
			isa = XCBuildConfiguration;
			buildSettings = {
				CLANG_ENABLE_OBJC_ARC = YES;
				COMBINE_HIDPI_IMAGES = YES;
				COPY_PHASE_STRIP = NO;
				DEBUG_INFORMATION_FORMAT = dwarf;
				DYLIB_INSTALL_NAME_BASE = "@rpath";
				ENABLE_NS_ASSERTIONS = YES;
				GCC_OPTIMIZATION_LEVEL = 0;
				GCC_PREPROCESSOR_DEFINITIONS = (
					"$(inherited)",
					"SWIFT_PACKAGE=1",
					"DEBUG=1",
				);
				MACOSX_DEPLOYMENT_TARGET = 10.10;
				ONLY_ACTIVE_ARCH = YES;
				OTHER_SWIFT_FLAGS = "$(inherited) -DXcode";
				PRODUCT_NAME = "$(TARGET_NAME)";
				SDKROOT = macosx;
				SUPPORTED_PLATFORMS = "macosx iphoneos iphonesimulator appletvos appletvsimulator watchos watchsimulator";
				SWIFT_ACTIVE_COMPILATION_CONDITIONS = "$(inherited) SWIFT_PACKAGE DEBUG";
				SWIFT_OPTIMIZATION_LEVEL = "-Onone";
				USE_HEADERMAP = NO;
			};
			name = Debug;
		};
		OBJ_36 /* Debug */ = {
			isa = XCBuildConfiguration;
			buildSettings = {
				LD = /usr/bin/true;
				OTHER_SWIFT_FLAGS = "-swift-version 5 -I $(TOOLCHAIN_DIR)/usr/lib/swift/pm/4_2 -target x86_64-apple-macosx10.10 -sdk /Applications/Xcode_11_3.app/Contents/Developer/Platforms/MacOSX.platform/Developer/SDKs/MacOSX10.15.sdk -package-description-version 5.1";
				SWIFT_VERSION = 5.0;
			};
			name = Debug;
		};
		OBJ_37 /* Release */ = {
			isa = XCBuildConfiguration;
			buildSettings = {
				LD = /usr/bin/true;
				OTHER_SWIFT_FLAGS = "-swift-version 5 -I $(TOOLCHAIN_DIR)/usr/lib/swift/pm/4_2 -target x86_64-apple-macosx10.10 -sdk /Applications/Xcode_11_3.app/Contents/Developer/Platforms/MacOSX.platform/Developer/SDKs/MacOSX10.15.sdk -package-description-version 5.1";
				SWIFT_VERSION = 5.0;
			};
			name = Release;
		};
		OBJ_4 /* Release */ = {
			isa = XCBuildConfiguration;
			buildSettings = {
				CLANG_ENABLE_OBJC_ARC = YES;
				COMBINE_HIDPI_IMAGES = YES;
				COPY_PHASE_STRIP = YES;
				DEBUG_INFORMATION_FORMAT = "dwarf-with-dsym";
				DYLIB_INSTALL_NAME_BASE = "@rpath";
				GCC_OPTIMIZATION_LEVEL = s;
				GCC_PREPROCESSOR_DEFINITIONS = (
					"$(inherited)",
					"SWIFT_PACKAGE=1",
				);
				MACOSX_DEPLOYMENT_TARGET = 10.10;
				OTHER_SWIFT_FLAGS = "$(inherited) -DXcode";
				PRODUCT_NAME = "$(TARGET_NAME)";
				SDKROOT = macosx;
				SUPPORTED_PLATFORMS = "macosx iphoneos iphonesimulator appletvos appletvsimulator watchos watchsimulator";
				SWIFT_ACTIVE_COMPILATION_CONDITIONS = "$(inherited) SWIFT_PACKAGE";
				SWIFT_OPTIMIZATION_LEVEL = "-Owholemodule";
				USE_HEADERMAP = NO;
			};
			name = Release;
		};
		OBJ_42 /* Debug */ = {
			isa = XCBuildConfiguration;
			buildSettings = {
			};
			name = Debug;
		};
		OBJ_43 /* Release */ = {
			isa = XCBuildConfiguration;
			buildSettings = {
			};
			name = Release;
		};
		OBJ_47 /* Debug */ = {
			isa = XCBuildConfiguration;
			buildSettings = {
				CLANG_ENABLE_MODULES = YES;
				EMBEDDED_CONTENT_CONTAINS_SWIFT = YES;
				FRAMEWORK_SEARCH_PATHS = (
					"$(inherited)",
					"$(PLATFORM_DIR)/Developer/Library/Frameworks",
				);
				HEADER_SEARCH_PATHS = "$(inherited)";
				INFOPLIST_FILE = SwiftTrueTypeFont.xcodeproj/SwiftTrueTypeFontTests_Info.plist;
				IPHONEOS_DEPLOYMENT_TARGET = 8.0;
				LD_RUNPATH_SEARCH_PATHS = "$(inherited) @loader_path/../Frameworks @loader_path/Frameworks";
				MACOSX_DEPLOYMENT_TARGET = 10.10;
				OTHER_CFLAGS = "$(inherited)";
				OTHER_LDFLAGS = "$(inherited)";
				OTHER_SWIFT_FLAGS = "$(inherited)";
				SWIFT_ACTIVE_COMPILATION_CONDITIONS = "$(inherited)";
				SWIFT_VERSION = 5.0;
				TARGET_NAME = SwiftTrueTypeFontTests;
				TVOS_DEPLOYMENT_TARGET = 9.0;
				WATCHOS_DEPLOYMENT_TARGET = 2.0;
			};
			name = Debug;
		};
		OBJ_48 /* Release */ = {
			isa = XCBuildConfiguration;
			buildSettings = {
				CLANG_ENABLE_MODULES = YES;
				EMBEDDED_CONTENT_CONTAINS_SWIFT = YES;
				FRAMEWORK_SEARCH_PATHS = (
					"$(inherited)",
					"$(PLATFORM_DIR)/Developer/Library/Frameworks",
				);
				HEADER_SEARCH_PATHS = "$(inherited)";
				INFOPLIST_FILE = SwiftTrueTypeFont.xcodeproj/SwiftTrueTypeFontTests_Info.plist;
				IPHONEOS_DEPLOYMENT_TARGET = 8.0;
				LD_RUNPATH_SEARCH_PATHS = "$(inherited) @loader_path/../Frameworks @loader_path/Frameworks";
				MACOSX_DEPLOYMENT_TARGET = 10.10;
				OTHER_CFLAGS = "$(inherited)";
				OTHER_LDFLAGS = "$(inherited)";
				OTHER_SWIFT_FLAGS = "$(inherited)";
				SWIFT_ACTIVE_COMPILATION_CONDITIONS = "$(inherited)";
				SWIFT_VERSION = 5.0;
				TARGET_NAME = SwiftTrueTypeFontTests;
				TVOS_DEPLOYMENT_TARGET = 9.0;
				WATCHOS_DEPLOYMENT_TARGET = 2.0;
			};
			name = Release;
		};
/* End XCBuildConfiguration section */

/* Begin XCConfigurationList section */
		OBJ_2 /* Build configuration list for PBXProject "SwiftTrueTypeFont" */ = {
			isa = XCConfigurationList;
			buildConfigurations = (
				OBJ_3 /* Debug */,
				OBJ_4 /* Release */,
			);
			defaultConfigurationIsVisible = 0;
			defaultConfigurationName = Release;
		};
		OBJ_24 /* Build configuration list for PBXNativeTarget "SwiftTrueTypeFont" */ = {
			isa = XCConfigurationList;
			buildConfigurations = (
				OBJ_25 /* Debug */,
				OBJ_26 /* Release */,
			);
			defaultConfigurationIsVisible = 0;
			defaultConfigurationName = Release;
		};
		OBJ_35 /* Build configuration list for PBXNativeTarget "SwiftTrueTypeFontPackageDescription" */ = {
			isa = XCConfigurationList;
			buildConfigurations = (
				OBJ_36 /* Debug */,
				OBJ_37 /* Release */,
			);
			defaultConfigurationIsVisible = 0;
			defaultConfigurationName = Release;
		};
		OBJ_41 /* Build configuration list for PBXAggregateTarget "SwiftTrueTypeFontPackageTests" */ = {
			isa = XCConfigurationList;
			buildConfigurations = (
				OBJ_42 /* Debug */,
				OBJ_43 /* Release */,
			);
			defaultConfigurationIsVisible = 0;
			defaultConfigurationName = Release;
		};
		OBJ_46 /* Build configuration list for PBXNativeTarget "SwiftTrueTypeFontTests" */ = {
			isa = XCConfigurationList;
			buildConfigurations = (
				OBJ_47 /* Debug */,
				OBJ_48 /* Release */,
			);
			defaultConfigurationIsVisible = 0;
			defaultConfigurationName = Release;
		};
/* End XCConfigurationList section */
	};
	rootObject = OBJ_1 /* Project object */;
}
